
Microsoft Visual Studio Solution File, Format Version 12.00
# Visual Studio Version 17
VisualStudioVersion = 17.6.33829.357
MinimumVisualStudioVersion = 10.0.40219.1
Project("{9A19103F-16F7-4668-BE54-9A1E7A4F7556}") = "Core.SignalR", "Core.SignalR\Core.SignalR.csproj", "{ADF4471A-20F5-4D39-8B90-0C9B9B5EFE1E}"
EndProject
Project("{FAE04EC0-301F-11D3-BF4B-00C04F79EFBC}") = "Core.SignalR.Receive", "Core.SignalR.Receive\Core.SignalR.Receive.csproj", "{6007D8C6-2643-4ABA-A842-1D4223458FA9}"
EndProject
Global
	GlobalSection(SolutionConfigurationPlatforms) = preSolution
		Debug|Any CPU = Debug|Any CPU
		Release|Any CPU = Release|Any CPU
	EndGlobalSection
	GlobalSection(ProjectConfigurationPlatforms) = postSolution
		{ADF4471A-20F5-4D39-8B90-0C9B9B5EFE1E}.Debug|Any CPU.ActiveCfg = Debug|Any CPU
		{ADF4471A-20F5-4D39-8B90-0C9B9B5EFE1E}.Debug|Any CPU.Build.0 = Debug|Any CPU
		{ADF4471A-20F5-4D39-8B90-0C9B9B5EFE1E}.Release|Any CPU.ActiveCfg = Release|Any CPU
		{ADF4471A-20F5-4D39-8B90-0C9B9B5EFE1E}.Release|Any CPU.Build.0 = Release|Any CPU
		{6007D8C6-2643-4ABA-A842-1D4223458FA9}.Debug|Any CPU.ActiveCfg = Debug|Any CPU
		{6007D8C6-2643-4ABA-A842-1D4223458FA9}.Debug|Any CPU.Build.0 = Debug|Any CPU
		{6007D8C6-2643-4ABA-A842-1D4223458FA9}.Release|Any CPU.ActiveCfg = Release|Any CPU
		{6007D8C6-2643-4ABA-A842-1D4223458FA9}.Release|Any CPU.Build.0 = Release|Any CPU
	EndGlobalSection
	GlobalSection(SolutionProperties) = preSolution
		HideSolutionNode = FALSE
	EndGlobalSection
	GlobalSection(ExtensibilityGlobals) = postSolution
		SolutionGuid = {14C33EAB-64DE-4AD9-8412-8AFB356F1392}
	EndGlobalSection
EndGlobal
